
Microsoft Visual Studio Solution File, Format Version 12.00
# Visual Studio Version 16
VisualStudioVersion = 16.0.31702.278
MinimumVisualStudioVersion = 10.0.40219.1
Project("{FAE04EC0-301F-11D3-BF4B-00C04F79EFBC}") = "ProjetoIntegradorABF", "ProjetoIntegradorABF\ProjetoIntegradorABF.csproj", "{952729F6-AE1A-4263-96E9-B78912A00F12}"
EndProject
Global
	GlobalSection(SolutionConfigurationPlatforms) = preSolution
		Debug|Any CPU = Debug|Any CPU
		Release|Any CPU = Release|Any CPU
	EndGlobalSection
	GlobalSection(ProjectConfigurationPlatforms) = postSolution
		{952729F6-AE1A-4263-96E9-B78912A00F12}.Debug|Any CPU.ActiveCfg = Debug|Any CPU
		{952729F6-AE1A-4263-96E9-B78912A00F12}.Debug|Any CPU.Build.0 = Debug|Any CPU
		{952729F6-AE1A-4263-96E9-B78912A00F12}.Release|Any CPU.ActiveCfg = Release|Any CPU
		{952729F6-AE1A-4263-96E9-B78912A00F12}.Release|Any CPU.Build.0 = Release|Any CPU
	EndGlobalSection
	GlobalSection(SolutionProperties) = preSolution
		HideSolutionNode = FALSE
	EndGlobalSection
	GlobalSection(ExtensibilityGlobals) = postSolution
		SolutionGuid = {5B61A240-81AB-4BD9-AC04-CD81E0575A63}
	EndGlobalSection
EndGlobal
